
Microsoft Visual Studio Solution File, Format Version 12.00
# Visual Studio 15
VisualStudioVersion = 15.0.27703.2000
MinimumVisualStudioVersion = 10.0.40219.1
Project("{9A19103F-16F7-4668-BE54-9A1E7A4F7556}") = "e1_FileAndFolder", "e1_FileAndFolder\e1_FileAndFolder.csproj", "{40E87F94-1D38-4242-B84B-331974D2C627}"
EndProject
Project("{9A19103F-16F7-4668-BE54-9A1E7A4F7556}") = "e2_StatisticAnalizerWithObj", "e2_StatisticAnalizerWithObj\e2_StatisticAnalizerWithObj.csproj", "{986D97F1-8296-4D94-80DB-20101EB3FA5C}"
EndProject
Project("{9A19103F-16F7-4668-BE54-9A1E7A4F7556}") = "e3_AskedMoneyFrom", "e3_AskedMoneyFrom\e3_AskedMoneyFrom.csproj", "{6F2F542E-22E5-4F2F-BB24-82D70136BCB8}"
EndProject
Project("{FAE04EC0-301F-11D3-BF4B-00C04F79EFBC}") = "e4_IDrawingConsole", "e4_IDrawingConsole\e4_IDrawingConsole.csproj", "{DCE75030-C0BA-4F17-ACB4-F3B5DBCC11DB}"
EndProject
Project("{FAE04EC0-301F-11D3-BF4B-00C04F79EFBC}") = "e5_Arena", "e5_Arena\e5_Arena.csproj", "{6A0345AE-7339-4D10-8ED6-01FCFF8E7B8A}"
EndProject
Global
	GlobalSection(SolutionConfigurationPlatforms) = preSolution
		Debug|Any CPU = Debug|Any CPU
		Release|Any CPU = Release|Any CPU
	EndGlobalSection
	GlobalSection(ProjectConfigurationPlatforms) = postSolution
		{40E87F94-1D38-4242-B84B-331974D2C627}.Debug|Any CPU.ActiveCfg = Debug|Any CPU
		{40E87F94-1D38-4242-B84B-331974D2C627}.Debug|Any CPU.Build.0 = Debug|Any CPU
		{40E87F94-1D38-4242-B84B-331974D2C627}.Release|Any CPU.ActiveCfg = Release|Any CPU
		{40E87F94-1D38-4242-B84B-331974D2C627}.Release|Any CPU.Build.0 = Release|Any CPU
		{986D97F1-8296-4D94-80DB-20101EB3FA5C}.Debug|Any CPU.ActiveCfg = Debug|Any CPU
		{986D97F1-8296-4D94-80DB-20101EB3FA5C}.Debug|Any CPU.Build.0 = Debug|Any CPU
		{986D97F1-8296-4D94-80DB-20101EB3FA5C}.Release|Any CPU.ActiveCfg = Release|Any CPU
		{986D97F1-8296-4D94-80DB-20101EB3FA5C}.Release|Any CPU.Build.0 = Release|Any CPU
		{6F2F542E-22E5-4F2F-BB24-82D70136BCB8}.Debug|Any CPU.ActiveCfg = Debug|Any CPU
		{6F2F542E-22E5-4F2F-BB24-82D70136BCB8}.Debug|Any CPU.Build.0 = Debug|Any CPU
		{6F2F542E-22E5-4F2F-BB24-82D70136BCB8}.Release|Any CPU.ActiveCfg = Release|Any CPU
		{6F2F542E-22E5-4F2F-BB24-82D70136BCB8}.Release|Any CPU.Build.0 = Release|Any CPU
		{DCE75030-C0BA-4F17-ACB4-F3B5DBCC11DB}.Debug|Any CPU.ActiveCfg = Debug|Any CPU
		{DCE75030-C0BA-4F17-ACB4-F3B5DBCC11DB}.Debug|Any CPU.Build.0 = Debug|Any CPU
		{DCE75030-C0BA-4F17-ACB4-F3B5DBCC11DB}.Release|Any CPU.ActiveCfg = Release|Any CPU
		{DCE75030-C0BA-4F17-ACB4-F3B5DBCC11DB}.Release|Any CPU.Build.0 = Release|Any CPU
		{6A0345AE-7339-4D10-8ED6-01FCFF8E7B8A}.Debug|Any CPU.ActiveCfg = Debug|Any CPU
		{6A0345AE-7339-4D10-8ED6-01FCFF8E7B8A}.Debug|Any CPU.Build.0 = Debug|Any CPU
		{6A0345AE-7339-4D10-8ED6-01FCFF8E7B8A}.Release|Any CPU.ActiveCfg = Release|Any CPU
		{6A0345AE-7339-4D10-8ED6-01FCFF8E7B8A}.Release|Any CPU.Build.0 = Release|Any CPU
	EndGlobalSection
	GlobalSection(SolutionProperties) = preSolution
		HideSolutionNode = FALSE
	EndGlobalSection
	GlobalSection(ExtensibilityGlobals) = postSolution
		SolutionGuid = {18FB95A3-8AB7-4FF2-A222-469F1BDBBC51}
	EndGlobalSection
EndGlobal
