
Microsoft Visual Studio Solution File, Format Version 12.00
# Visual Studio 15
VisualStudioVersion = 15.0.27703.2026
MinimumVisualStudioVersion = 10.0.40219.1
Project("{FAE04EC0-301F-11D3-BF4B-00C04F79EFBC}") = "MVC1", "MVC1\MVC1.csproj", "{BAF935B4-8575-4D4A-AAAA-9045637FA303}"
EndProject
Project("{FAE04EC0-301F-11D3-BF4B-00C04F79EFBC}") = "MeteoFVG", "MeteoFVG\MeteoFVG.csproj", "{7D0B6EAD-360B-4A6E-ACDA-2A47A1340E42}"
EndProject
Global
	GlobalSection(SolutionConfigurationPlatforms) = preSolution
		Debug|Any CPU = Debug|Any CPU
		Release|Any CPU = Release|Any CPU
	EndGlobalSection
	GlobalSection(ProjectConfigurationPlatforms) = postSolution
		{BAF935B4-8575-4D4A-AAAA-9045637FA303}.Debug|Any CPU.ActiveCfg = Debug|Any CPU
		{BAF935B4-8575-4D4A-AAAA-9045637FA303}.Debug|Any CPU.Build.0 = Debug|Any CPU
		{BAF935B4-8575-4D4A-AAAA-9045637FA303}.Release|Any CPU.ActiveCfg = Release|Any CPU
		{BAF935B4-8575-4D4A-AAAA-9045637FA303}.Release|Any CPU.Build.0 = Release|Any CPU
		{7D0B6EAD-360B-4A6E-ACDA-2A47A1340E42}.Debug|Any CPU.ActiveCfg = Debug|Any CPU
		{7D0B6EAD-360B-4A6E-ACDA-2A47A1340E42}.Debug|Any CPU.Build.0 = Debug|Any CPU
		{7D0B6EAD-360B-4A6E-ACDA-2A47A1340E42}.Release|Any CPU.ActiveCfg = Release|Any CPU
		{7D0B6EAD-360B-4A6E-ACDA-2A47A1340E42}.Release|Any CPU.Build.0 = Release|Any CPU
	EndGlobalSection
	GlobalSection(SolutionProperties) = preSolution
		HideSolutionNode = FALSE
	EndGlobalSection
	GlobalSection(ExtensibilityGlobals) = postSolution
		SolutionGuid = {5B78BCD4-C4B1-4E1F-8C9F-965A86BC0473}
	EndGlobalSection
EndGlobal
