
Microsoft Visual Studio Solution File, Format Version 12.00
# Visual Studio 15
VisualStudioVersion = 15.0.27703.2035
MinimumVisualStudioVersion = 10.0.40219.1
Project("{FAE04EC0-301F-11D3-BF4B-00C04F79EFBC}") = "BillInvoice", "BillInvoice\BillInvoice.csproj", "{947F2B08-9C2C-47B7-8923-C93220D10122}"
EndProject
Global
	GlobalSection(SolutionConfigurationPlatforms) = preSolution
		Debug|Any CPU = Debug|Any CPU
		Release|Any CPU = Release|Any CPU
	EndGlobalSection
	GlobalSection(ProjectConfigurationPlatforms) = postSolution
		{947F2B08-9C2C-47B7-8923-C93220D10122}.Debug|Any CPU.ActiveCfg = Debug|Any CPU
		{947F2B08-9C2C-47B7-8923-C93220D10122}.Debug|Any CPU.Build.0 = Debug|Any CPU
		{947F2B08-9C2C-47B7-8923-C93220D10122}.Release|Any CPU.ActiveCfg = Release|Any CPU
		{947F2B08-9C2C-47B7-8923-C93220D10122}.Release|Any CPU.Build.0 = Release|Any CPU
	EndGlobalSection
	GlobalSection(SolutionProperties) = preSolution
		HideSolutionNode = FALSE
	EndGlobalSection
	GlobalSection(ExtensibilityGlobals) = postSolution
		SolutionGuid = {0CC3D32A-DF43-44E3-A234-84C61735A8F5}
	EndGlobalSection
EndGlobal
